
Microsoft Visual Studio Solution File, Format Version 12.00
# Visual Studio 2013
VisualStudioVersion = 12.0.31101.0
MinimumVisualStudioVersion = 10.0.40219.1
Project("{FAE04EC0-301F-11D3-BF4B-00C04F79EFBC}") = "Console-SimpleInjector", "Console-SimpleInjector.csproj", "{F26A2A88-A174-4A70-9A59-7A6B27675786}"
EndProject
Project("{FAE04EC0-301F-11D3-BF4B-00C04F79EFBC}") = "SimpleLibrary", "SimpleLibrary\SimpleLibrary.csproj", "{AE244BF3-5652-4871-BBC3-C688D4610F11}"
EndProject
Global
	GlobalSection(SolutionConfigurationPlatforms) = preSolution
		Debug|Any CPU = Debug|Any CPU
		Release|Any CPU = Release|Any CPU
	EndGlobalSection
	GlobalSection(ProjectConfigurationPlatforms) = postSolution
		{F26A2A88-A174-4A70-9A59-7A6B27675786}.Debug|Any CPU.ActiveCfg = Debug|Any CPU
		{F26A2A88-A174-4A70-9A59-7A6B27675786}.Debug|Any CPU.Build.0 = Debug|Any CPU
		{F26A2A88-A174-4A70-9A59-7A6B27675786}.Release|Any CPU.ActiveCfg = Release|Any CPU
		{F26A2A88-A174-4A70-9A59-7A6B27675786}.Release|Any CPU.Build.0 = Release|Any CPU
		{AE244BF3-5652-4871-BBC3-C688D4610F11}.Debug|Any CPU.ActiveCfg = Debug|Any CPU
		{AE244BF3-5652-4871-BBC3-C688D4610F11}.Debug|Any CPU.Build.0 = Debug|Any CPU
		{AE244BF3-5652-4871-BBC3-C688D4610F11}.Release|Any CPU.ActiveCfg = Release|Any CPU
		{AE244BF3-5652-4871-BBC3-C688D4610F11}.Release|Any CPU.Build.0 = Release|Any CPU
	EndGlobalSection
	GlobalSection(SolutionProperties) = preSolution
		HideSolutionNode = FALSE
	EndGlobalSection
EndGlobal
